
Microsoft Visual Studio Solution File, Format Version 12.00
# Visual Studio 15
VisualStudioVersion = 15.0.28307.705
MinimumVisualStudioVersion = 10.0.40219.1
Project("{FAE04EC0-301F-11D3-BF4B-00C04F79EFBC}") = "ConsoleApp2", "ConsoleApp2\ConsoleApp2.csproj", "{91A94487-62C4-4AF1-BE53-2333E09F0A1D}"
EndProject
Global
	GlobalSection(SolutionConfigurationPlatforms) = preSolution
		Debug|Any CPU = Debug|Any CPU
		Release|Any CPU = Release|Any CPU
	EndGlobalSection
	GlobalSection(ProjectConfigurationPlatforms) = postSolution
		{91A94487-62C4-4AF1-BE53-2333E09F0A1D}.Debug|Any CPU.ActiveCfg = Debug|Any CPU
		{91A94487-62C4-4AF1-BE53-2333E09F0A1D}.Debug|Any CPU.Build.0 = Debug|Any CPU
		{91A94487-62C4-4AF1-BE53-2333E09F0A1D}.Release|Any CPU.ActiveCfg = Release|Any CPU
		{91A94487-62C4-4AF1-BE53-2333E09F0A1D}.Release|Any CPU.Build.0 = Release|Any CPU
	EndGlobalSection
	GlobalSection(SolutionProperties) = preSolution
		HideSolutionNode = FALSE
	EndGlobalSection
	GlobalSection(ExtensibilityGlobals) = postSolution
		SolutionGuid = {5936A655-2593-42D3-85A6-6C0005508F1F}
	EndGlobalSection
EndGlobal
